<?xml version="1.0" encoding="utf-8"?>
<Project ToolsVersion="4.0" xmlns="http://schemas.microsoft.com/developer/msbuild/2003">
  <ItemGroup>
    <Filter Include="Source Files">
      <UniqueIdentifier>{4FC737F1-C7A5-4376-A066-2A32D752A2FF}</UniqueIdentifier>
      <Extensions>cpp;c;cc;cxx;def;odl;idl;hpj;bat;asm;asmx</Extensions>
    </Filter>
    <Filter Include="Header Files">
      <UniqueIdentifier>{93995380-89BD-4b04-88EB-625FBE52EBFB}</UniqueIdentifier>
      <Extensions>h;hh;hpp;hxx;hm;inl;inc;xsd</Extensions>
    </Filter>
    <Filter Include="Resource Files">
      <UniqueIdentifier>{67DA6AB6-F800-4c08-8B7A-83BB121AAD01}</UniqueIdentifier>
      <Extensions>rc;ico;cur;bmp;dlg;rc2;rct;bin;rgs;gif;jpg;jpeg;jpe;resx;tiff;tif;png;wav;mfcribbon-ms</Extensions>
    </Filter>
    <Filter Include="Header Files\oscpack">
      <UniqueIdentifier>{52c49835-a3c7-4a66-ac84-6763331ee717}</UniqueIdentifier>
    </Filter>
    <Filter Include="Header Files\oscpack\ip">
      <UniqueIdentifier>{3c99fdc2-75d1-423e-bdaf-184b5e8de637}</UniqueIdentifier>
    </Filter>
    <Filter Include="Header Files\oscpack\osc">
      <UniqueIdentifier>{55583002-1534-4131-8dee-9bd5814881e7}</UniqueIdentifier>
    </Filter>
    <Filter Include="Header Files\oscpack\ip\win32">
      <UniqueIdentifier>{c1b72245-8e39-48e9-8bbf-535ab889ace8}</UniqueIdentifier>
    </Filter>
  </ItemGroup>
  <ItemGroup>
    <ClCompile Include="..\src\main.cpp">
      <Filter>Source Files</Filter>
    </ClCompile>
    <ClCompile Include="..\src\motive.cpp">
      <Filter>Source Files</Filter>
    </ClCompile>
    <ClCompile Include="..\..\..\src\oscpack\ip\IpEndpointName.cpp">
      <Filter>Header Files\oscpack\ip</Filter>
    </ClCompile>
    <ClCompile Include="..\..\..\src\oscpack\ip\win32\UdpSocket.cpp">
      <Filter>Header Files\oscpack\ip\win32</Filter>
    </ClCompile>
    <ClCompile Include="..\..\..\src\oscpack\ip\win32\NetworkingUtils.cpp">
      <Filter>Header Files\oscpack\ip\win32</Filter>
    </ClCompile>
    <ClCompile Include="..\..\..\src\oscpack\osc\OscOutboundPacketStream.cpp">
      <Filter>Header Files\oscpack\osc</Filter>
    </ClCompile>
    <ClCompile Include="..\..\..\src\oscpack\osc\OscPrintReceivedElements.cpp">
      <Filter>Header Files\oscpack\osc</Filter>
    </ClCompile>
    <ClCompile Include="..\..\..\src\oscpack\osc\OscReceivedElements.cpp">
      <Filter>Header Files\oscpack\osc</Filter>
    </ClCompile>
    <ClCompile Include="..\..\..\src\oscpack\osc\OscTypes.cpp">
      <Filter>Header Files\oscpack\osc</Filter>
    </ClCompile>
    <ClCompile Include="..\..\..\src\OscStreamer.cpp">
      <Filter>Source Files</Filter>
    </ClCompile>
  </ItemGroup>
  <ItemGroup>
    <ClInclude Include="..\include\motive.h">
      <Filter>Header Files</Filter>
    </ClInclude>
    <ClInclude Include="..\..\..\src\OscStreamer.h">
      <Filter>Header Files</Filter>
    </ClInclude>
    <ClInclude Include="..\..\..\src\oscpack\ip\IpEndpointName.h">
      <Filter>Header Files\oscpack\ip</Filter>
    </ClInclude>
    <ClInclude Include="..\..\..\src\oscpack\ip\NetworkingUtils.h">
      <Filter>Header Files\oscpack\ip</Filter>
    </ClInclude>
    <ClInclude Include="..\..\..\src\oscpack\ip\PacketListener.h">
      <Filter>Header Files\oscpack\ip</Filter>
    </ClInclude>
    <ClInclude Include="..\..\..\src\oscpack\ip\TimerListener.h">
      <Filter>Header Files\oscpack\ip</Filter>
    </ClInclude>
    <ClInclude Include="..\..\..\src\oscpack\ip\UdpSocket.h">
      <Filter>Header Files\oscpack\ip</Filter>
    </ClInclude>
    <ClInclude Include="..\..\..\src\oscpack\osc\OscOutboundPacketStream.h">
      <Filter>Header Files\oscpack\osc</Filter>
    </ClInclude>
    <ClInclude Include="..\..\..\src\oscpack\osc\OscPacketListener.h">
      <Filter>Header Files\oscpack\osc</Filter>
    </ClInclude>
    <ClInclude Include="..\..\..\src\oscpack\osc\OscPrintReceivedElements.h">
      <Filter>Header Files\oscpack\osc</Filter>
    </ClInclude>
    <ClInclude Include="..\..\..\src\oscpack\osc\OscReceivedElements.h">
      <Filter>Header Files\oscpack\osc</Filter>
    </ClInclude>
    <ClInclude Include="..\..\..\src\oscpack\osc\OscTypes.h">
      <Filter>Header Files\oscpack\osc</Filter>
    </ClInclude>
    <ClInclude Include="..\..\..\src\oscpack\osc\MessageMappingOscPacketListener.h">
      <Filter>Header Files\oscpack\osc</Filter>
    </ClInclude>
    <ClInclude Include="..\..\..\src\oscpack\osc\OscException.h">
      <Filter>Header Files\oscpack\osc</Filter>
    </ClInclude>
    <ClInclude Include="..\..\..\src\oscpack\osc\OscHostEndianness.h">
      <Filter>Header Files\oscpack\osc</Filter>
    </ClInclude>
  </ItemGroup>
</Project>